PODS:
  - DJI-SDK-iOS (4.7.1)
  - DJI-UXSDK-iOS (4.7.1)

DEPENDENCIES:
  - DJI-SDK-iOS (= 4.7.1)
  - DJI-UXSDK-iOS (= 4.7.1)

SPEC REPOS:
  https://github.com/cocoapods/specs.git:
    - DJI-SDK-iOS
    - DJI-UXSDK-iOS

SPEC CHECKSUMS:
  DJI-SDK-iOS: 61190de33ed627dee3171f40146386c31b1d6c09
  DJI-UXSDK-iOS: e7412287540af012a07cef67f2c71b7773ffa829

PODFILE CHECKSUM: f23c65bffc18a922eb979170bba5ab11d4a93346

COCOAPODS: 1.5.3
